
Microsoft Visual Studio Solution File, Format Version 12.00
# Visual Studio 2013
VisualStudioVersion = 12.0.21005.1
MinimumVisualStudioVersion = 10.0.40219.1
Project("{F184B08F-C81C-45F6-A57F-5ABD9991F28F}") = "Project VB.net BETA", "Project VB.net BETA\Project VB.net BETA.vbproj", "{0F72CB6E-5A1A-462B-8CBD-6C227D5B7875}"
EndProject
Global
	GlobalSection(SolutionConfigurationPlatforms) = preSolution
		Debug|Any CPU = Debug|Any CPU
		Release|Any CPU = Release|Any CPU
	EndGlobalSection
	GlobalSection(ProjectConfigurationPlatforms) = postSolution
		{0F72CB6E-5A1A-462B-8CBD-6C227D5B7875}.Debug|Any CPU.ActiveCfg = Debug|Any CPU
		{0F72CB6E-5A1A-462B-8CBD-6C227D5B7875}.Debug|Any CPU.Build.0 = Debug|Any CPU
		{0F72CB6E-5A1A-462B-8CBD-6C227D5B7875}.Release|Any CPU.ActiveCfg = Release|Any CPU
		{0F72CB6E-5A1A-462B-8CBD-6C227D5B7875}.Release|Any CPU.Build.0 = Release|Any CPU
	EndGlobalSection
	GlobalSection(SolutionProperties) = preSolution
		HideSolutionNode = FALSE
	EndGlobalSection
EndGlobal
